
Microsoft Visual Studio Solution File, Format Version 12.00
# Visual Studio Version 17
VisualStudioVersion = 17.4.33122.133
MinimumVisualStudioVersion = 10.0.40219.1
Project("{FAE04EC0-301F-11D3-BF4B-00C04F79EFBC}") = "No.8", "No.8\No.8.csproj", "{DBEFE336-E162-4A5F-A1C3-FE7CEA290B82}"
EndProject
Global
	GlobalSection(SolutionConfigurationPlatforms) = preSolution
		Debug|Any CPU = Debug|Any CPU
		Release|Any CPU = Release|Any CPU
	EndGlobalSection
	GlobalSection(ProjectConfigurationPlatforms) = postSolution
		{DBEFE336-E162-4A5F-A1C3-FE7CEA290B82}.Debug|Any CPU.ActiveCfg = Debug|Any CPU
		{DBEFE336-E162-4A5F-A1C3-FE7CEA290B82}.Debug|Any CPU.Build.0 = Debug|Any CPU
		{DBEFE336-E162-4A5F-A1C3-FE7CEA290B82}.Release|Any CPU.ActiveCfg = Release|Any CPU
		{DBEFE336-E162-4A5F-A1C3-FE7CEA290B82}.Release|Any CPU.Build.0 = Release|Any CPU
	EndGlobalSection
	GlobalSection(SolutionProperties) = preSolution
		HideSolutionNode = FALSE
	EndGlobalSection
	GlobalSection(ExtensibilityGlobals) = postSolution
		SolutionGuid = {591AFCD2-EAF8-4D40-910B-0534690ED181}
	EndGlobalSection
EndGlobal
