
Microsoft Visual Studio Solution File, Format Version 12.00
# Visual Studio Version 17
VisualStudioVersion = 17.4.33122.133
MinimumVisualStudioVersion = 10.0.40219.1
Project("{FAE04EC0-301F-11D3-BF4B-00C04F79EFBC}") = "No.10", "No.10\No.10.csproj", "{F651D4DB-FF3E-4308-863F-D2AE611FA704}"
EndProject
Global
	GlobalSection(SolutionConfigurationPlatforms) = preSolution
		Debug|Any CPU = Debug|Any CPU
		Release|Any CPU = Release|Any CPU
	EndGlobalSection
	GlobalSection(ProjectConfigurationPlatforms) = postSolution
		{F651D4DB-FF3E-4308-863F-D2AE611FA704}.Debug|Any CPU.ActiveCfg = Debug|Any CPU
		{F651D4DB-FF3E-4308-863F-D2AE611FA704}.Debug|Any CPU.Build.0 = Debug|Any CPU
		{F651D4DB-FF3E-4308-863F-D2AE611FA704}.Release|Any CPU.ActiveCfg = Release|Any CPU
		{F651D4DB-FF3E-4308-863F-D2AE611FA704}.Release|Any CPU.Build.0 = Release|Any CPU
	EndGlobalSection
	GlobalSection(SolutionProperties) = preSolution
		HideSolutionNode = FALSE
	EndGlobalSection
	GlobalSection(ExtensibilityGlobals) = postSolution
		SolutionGuid = {963863E0-4601-4574-9517-73C937930B36}
	EndGlobalSection
EndGlobal
