
Microsoft Visual Studio Solution File, Format Version 12.00
# Visual Studio Version 17
VisualStudioVersion = 17.4.33122.133
MinimumVisualStudioVersion = 10.0.40219.1
Project("{FAE04EC0-301F-11D3-BF4B-00C04F79EFBC}") = "No.4", "No.4\No.4.csproj", "{3675AAC0-742A-47F3-81C7-7F0756A072CF}"
EndProject
Global
	GlobalSection(SolutionConfigurationPlatforms) = preSolution
		Debug|Any CPU = Debug|Any CPU
		Release|Any CPU = Release|Any CPU
	EndGlobalSection
	GlobalSection(ProjectConfigurationPlatforms) = postSolution
		{3675AAC0-742A-47F3-81C7-7F0756A072CF}.Debug|Any CPU.ActiveCfg = Debug|Any CPU
		{3675AAC0-742A-47F3-81C7-7F0756A072CF}.Debug|Any CPU.Build.0 = Debug|Any CPU
		{3675AAC0-742A-47F3-81C7-7F0756A072CF}.Release|Any CPU.ActiveCfg = Release|Any CPU
		{3675AAC0-742A-47F3-81C7-7F0756A072CF}.Release|Any CPU.Build.0 = Release|Any CPU
	EndGlobalSection
	GlobalSection(SolutionProperties) = preSolution
		HideSolutionNode = FALSE
	EndGlobalSection
	GlobalSection(ExtensibilityGlobals) = postSolution
		SolutionGuid = {8D9A71D5-E13F-4B95-871A-C28EF543849C}
	EndGlobalSection
EndGlobal
