
Microsoft Visual Studio Solution File, Format Version 12.00
# Visual Studio Version 17
VisualStudioVersion = 17.2.32526.322
MinimumVisualStudioVersion = 10.0.40219.1
Project("{FAE04EC0-301F-11D3-BF4B-00C04F79EFBC}") = "No.6", "No.6\No.6.csproj", "{1214E995-02C3-45DA-9986-3C08BD963D77}"
EndProject
Global
	GlobalSection(SolutionConfigurationPlatforms) = preSolution
		Debug|Any CPU = Debug|Any CPU
		Release|Any CPU = Release|Any CPU
	EndGlobalSection
	GlobalSection(ProjectConfigurationPlatforms) = postSolution
		{1214E995-02C3-45DA-9986-3C08BD963D77}.Debug|Any CPU.ActiveCfg = Debug|Any CPU
		{1214E995-02C3-45DA-9986-3C08BD963D77}.Debug|Any CPU.Build.0 = Debug|Any CPU
		{1214E995-02C3-45DA-9986-3C08BD963D77}.Release|Any CPU.ActiveCfg = Release|Any CPU
		{1214E995-02C3-45DA-9986-3C08BD963D77}.Release|Any CPU.Build.0 = Release|Any CPU
	EndGlobalSection
	GlobalSection(SolutionProperties) = preSolution
		HideSolutionNode = FALSE
	EndGlobalSection
	GlobalSection(ExtensibilityGlobals) = postSolution
		SolutionGuid = {6B4A9198-32C1-40FD-8F73-B5EF011F4149}
	EndGlobalSection
EndGlobal
